
Microsoft Visual Studio Solution File, Format Version 12.00
# Visual Studio 15
VisualStudioVersion = 15.0.28307.539
MinimumVisualStudioVersion = 10.0.40219.1
Project("{FAE04EC0-301F-11D3-BF4B-00C04F79EFBC}") = "Students.Data", "Students.Data\Students.Data.csproj", "{DBA45FC3-6D40-4C8E-BCCF-ABB85BF7682A}"
EndProject
Project("{FAE04EC0-301F-11D3-BF4B-00C04F79EFBC}") = "Students.Web", "Students.Web\Students.Web.csproj", "{7FDC5FE8-0D24-48B6-8921-11600C971E26}"
EndProject
Project("{FAE04EC0-301F-11D3-BF4B-00C04F79EFBC}") = "Students.API", "Students.API\Students.API.csproj", "{3D1C2829-FEB3-4A87-9898-AD3AAA55A460}"
EndProject
Global
	GlobalSection(SolutionConfigurationPlatforms) = preSolution
		Debug|Any CPU = Debug|Any CPU
		Release|Any CPU = Release|Any CPU
	EndGlobalSection
	GlobalSection(ProjectConfigurationPlatforms) = postSolution
		{DBA45FC3-6D40-4C8E-BCCF-ABB85BF7682A}.Debug|Any CPU.ActiveCfg = Debug|Any CPU
		{DBA45FC3-6D40-4C8E-BCCF-ABB85BF7682A}.Debug|Any CPU.Build.0 = Debug|Any CPU
		{DBA45FC3-6D40-4C8E-BCCF-ABB85BF7682A}.Release|Any CPU.ActiveCfg = Release|Any CPU
		{DBA45FC3-6D40-4C8E-BCCF-ABB85BF7682A}.Release|Any CPU.Build.0 = Release|Any CPU
		{7FDC5FE8-0D24-48B6-8921-11600C971E26}.Debug|Any CPU.ActiveCfg = Debug|Any CPU
		{7FDC5FE8-0D24-48B6-8921-11600C971E26}.Debug|Any CPU.Build.0 = Debug|Any CPU
		{7FDC5FE8-0D24-48B6-8921-11600C971E26}.Release|Any CPU.ActiveCfg = Release|Any CPU
		{7FDC5FE8-0D24-48B6-8921-11600C971E26}.Release|Any CPU.Build.0 = Release|Any CPU
		{3D1C2829-FEB3-4A87-9898-AD3AAA55A460}.Debug|Any CPU.ActiveCfg = Debug|Any CPU
		{3D1C2829-FEB3-4A87-9898-AD3AAA55A460}.Debug|Any CPU.Build.0 = Debug|Any CPU
		{3D1C2829-FEB3-4A87-9898-AD3AAA55A460}.Release|Any CPU.ActiveCfg = Release|Any CPU
		{3D1C2829-FEB3-4A87-9898-AD3AAA55A460}.Release|Any CPU.Build.0 = Release|Any CPU
	EndGlobalSection
	GlobalSection(SolutionProperties) = preSolution
		HideSolutionNode = FALSE
	EndGlobalSection
	GlobalSection(ExtensibilityGlobals) = postSolution
		SolutionGuid = {41D3AE04-3C24-4948-9F0B-87BCC5057DFD}
	EndGlobalSection
EndGlobal
